
Microsoft Visual Studio Solution File, Format Version 12.00
# Visual Studio Version 16
VisualStudioVersion = 16.0.30011.22
MinimumVisualStudioVersion = 10.0.40219.1
Project("{9A19103F-16F7-4668-BE54-9A1E7A4F7556}") = "Seven.BaseEntity", "Seven.BaseEntity\Seven.BaseEntity.csproj", "{465B8AB3-5EE9-4274-9F71-16B58384CC04}"
EndProject
Project("{9A19103F-16F7-4668-BE54-9A1E7A4F7556}") = "Seven.DAL", "Seven.DAL\Seven.DAL.csproj", "{4D21AD47-22A3-44A6-A399-ECD1173B2B05}"
EndProject
Project("{FAE04EC0-301F-11D3-BF4B-00C04F79EFBC}") = "Seven.Common", "Seven.Common\Seven.Common.csproj", "{15E18CFF-0161-46A9-B297-E8ED268AC82B}"
EndProject
Project("{FAE04EC0-301F-11D3-BF4B-00C04F79EFBC}") = "Seven.Sercive", "Seven.Sercive\Seven.Sercive.csproj", "{F4397B04-734B-4399-AD63-88017E830290}"
EndProject
Project("{2150E333-8FDC-42A3-9474-1A3956D46DE8}") = "Common", "Common", "{4391FE78-4C17-4FE6-960C-29CABB2585D5}"
EndProject
Project("{2150E333-8FDC-42A3-9474-1A3956D46DE8}") = "Base", "Base", "{BB3742E0-55EC-4B32-9759-0AE4C326E7BA}"
EndProject
Project("{2150E333-8FDC-42A3-9474-1A3956D46DE8}") = "Business", "Business", "{3ABD89EB-FEC4-4B79-A3A6-F464896AC331}"
EndProject
Project("{FAE04EC0-301F-11D3-BF4B-00C04F79EFBC}") = "Seven.IBLL", "Seven.IBLL\Seven.IBLL.csproj", "{EA4ABA02-DC83-481E-B78B-71B4F1EF818D}"
EndProject
Project("{FAE04EC0-301F-11D3-BF4B-00C04F79EFBC}") = "Seven.BLL", "Seven.BLL\Seven.BLL.csproj", "{DCF4CA5C-F2AF-49CD-91DE-15BEA087E81B}"
EndProject
Project("{2150E333-8FDC-42A3-9474-1A3956D46DE8}") = "Web", "Web", "{A64B87D0-C06B-4581-BFB6-5B2D83C4C1BF}"
EndProject
Project("{FAE04EC0-301F-11D3-BF4B-00C04F79EFBC}") = "Seven.Web", "Seven.Web\Seven.Web.csproj", "{DEFF5F4A-20B7-4F9D-8C13-D7CD7761369E}"
EndProject
Project("{FAE04EC0-301F-11D3-BF4B-00C04F79EFBC}") = "Seven.Web2", "Seven.Web2\Seven.Web2.csproj", "{3E683BD4-DB64-48E8-97AC-D8E498F77924}"
EndProject
Global
	GlobalSection(SolutionConfigurationPlatforms) = preSolution
		Debug|Any CPU = Debug|Any CPU
		Release|Any CPU = Release|Any CPU
	EndGlobalSection
	GlobalSection(ProjectConfigurationPlatforms) = postSolution
		{465B8AB3-5EE9-4274-9F71-16B58384CC04}.Debug|Any CPU.ActiveCfg = Debug|Any CPU
		{465B8AB3-5EE9-4274-9F71-16B58384CC04}.Debug|Any CPU.Build.0 = Debug|Any CPU
		{465B8AB3-5EE9-4274-9F71-16B58384CC04}.Release|Any CPU.ActiveCfg = Release|Any CPU
		{465B8AB3-5EE9-4274-9F71-16B58384CC04}.Release|Any CPU.Build.0 = Release|Any CPU
		{4D21AD47-22A3-44A6-A399-ECD1173B2B05}.Debug|Any CPU.ActiveCfg = Debug|Any CPU
		{4D21AD47-22A3-44A6-A399-ECD1173B2B05}.Debug|Any CPU.Build.0 = Debug|Any CPU
		{4D21AD47-22A3-44A6-A399-ECD1173B2B05}.Release|Any CPU.ActiveCfg = Release|Any CPU
		{4D21AD47-22A3-44A6-A399-ECD1173B2B05}.Release|Any CPU.Build.0 = Release|Any CPU
		{15E18CFF-0161-46A9-B297-E8ED268AC82B}.Debug|Any CPU.ActiveCfg = Debug|Any CPU
		{15E18CFF-0161-46A9-B297-E8ED268AC82B}.Debug|Any CPU.Build.0 = Debug|Any CPU
		{15E18CFF-0161-46A9-B297-E8ED268AC82B}.Release|Any CPU.ActiveCfg = Release|Any CPU
		{15E18CFF-0161-46A9-B297-E8ED268AC82B}.Release|Any CPU.Build.0 = Release|Any CPU
		{F4397B04-734B-4399-AD63-88017E830290}.Debug|Any CPU.ActiveCfg = Debug|Any CPU
		{F4397B04-734B-4399-AD63-88017E830290}.Debug|Any CPU.Build.0 = Debug|Any CPU
		{F4397B04-734B-4399-AD63-88017E830290}.Release|Any CPU.ActiveCfg = Release|Any CPU
		{F4397B04-734B-4399-AD63-88017E830290}.Release|Any CPU.Build.0 = Release|Any CPU
		{EA4ABA02-DC83-481E-B78B-71B4F1EF818D}.Debug|Any CPU.ActiveCfg = Debug|Any CPU
		{EA4ABA02-DC83-481E-B78B-71B4F1EF818D}.Debug|Any CPU.Build.0 = Debug|Any CPU
		{EA4ABA02-DC83-481E-B78B-71B4F1EF818D}.Release|Any CPU.ActiveCfg = Release|Any CPU
		{EA4ABA02-DC83-481E-B78B-71B4F1EF818D}.Release|Any CPU.Build.0 = Release|Any CPU
		{DCF4CA5C-F2AF-49CD-91DE-15BEA087E81B}.Debug|Any CPU.ActiveCfg = Debug|Any CPU
		{DCF4CA5C-F2AF-49CD-91DE-15BEA087E81B}.Debug|Any CPU.Build.0 = Debug|Any CPU
		{DCF4CA5C-F2AF-49CD-91DE-15BEA087E81B}.Release|Any CPU.ActiveCfg = Release|Any CPU
		{DCF4CA5C-F2AF-49CD-91DE-15BEA087E81B}.Release|Any CPU.Build.0 = Release|Any CPU
		{DEFF5F4A-20B7-4F9D-8C13-D7CD7761369E}.Debug|Any CPU.ActiveCfg = Debug|Any CPU
		{DEFF5F4A-20B7-4F9D-8C13-D7CD7761369E}.Debug|Any CPU.Build.0 = Debug|Any CPU
		{DEFF5F4A-20B7-4F9D-8C13-D7CD7761369E}.Release|Any CPU.ActiveCfg = Release|Any CPU
		{DEFF5F4A-20B7-4F9D-8C13-D7CD7761369E}.Release|Any CPU.Build.0 = Release|Any CPU
		{3E683BD4-DB64-48E8-97AC-D8E498F77924}.Debug|Any CPU.ActiveCfg = Debug|Any CPU
		{3E683BD4-DB64-48E8-97AC-D8E498F77924}.Debug|Any CPU.Build.0 = Debug|Any CPU
		{3E683BD4-DB64-48E8-97AC-D8E498F77924}.Release|Any CPU.ActiveCfg = Release|Any CPU
		{3E683BD4-DB64-48E8-97AC-D8E498F77924}.Release|Any CPU.Build.0 = Release|Any CPU
	EndGlobalSection
	GlobalSection(SolutionProperties) = preSolution
		HideSolutionNode = FALSE
	EndGlobalSection
	GlobalSection(NestedProjects) = preSolution
		{465B8AB3-5EE9-4274-9F71-16B58384CC04} = {BB3742E0-55EC-4B32-9759-0AE4C326E7BA}
		{4D21AD47-22A3-44A6-A399-ECD1173B2B05} = {BB3742E0-55EC-4B32-9759-0AE4C326E7BA}
		{15E18CFF-0161-46A9-B297-E8ED268AC82B} = {4391FE78-4C17-4FE6-960C-29CABB2585D5}
		{F4397B04-734B-4399-AD63-88017E830290} = {A64B87D0-C06B-4581-BFB6-5B2D83C4C1BF}
		{EA4ABA02-DC83-481E-B78B-71B4F1EF818D} = {3ABD89EB-FEC4-4B79-A3A6-F464896AC331}
		{DCF4CA5C-F2AF-49CD-91DE-15BEA087E81B} = {3ABD89EB-FEC4-4B79-A3A6-F464896AC331}
		{DEFF5F4A-20B7-4F9D-8C13-D7CD7761369E} = {A64B87D0-C06B-4581-BFB6-5B2D83C4C1BF}
		{3E683BD4-DB64-48E8-97AC-D8E498F77924} = {A64B87D0-C06B-4581-BFB6-5B2D83C4C1BF}
	EndGlobalSection
	GlobalSection(ExtensibilityGlobals) = postSolution
		SolutionGuid = {BD08D08C-1EFC-4723-BCAB-EADEF9E66A71}
	EndGlobalSection
EndGlobal
